<?xml version="1.0" encoding="UTF-8"?>
<Project ToolsVersion="14.0" xmlns="http://schemas.microsoft.com/developer/msbuild/2003">
  <ItemGroup>
    <ClCompile Include="D:\z-Autres\Programmation\Sinah\SINAH\Librairies\Bullet\examples\MultiBody\Pendulum.cpp">
      <Filter>Source Files</Filter>
    </ClCompile>
  </ItemGroup>
  <ItemGroup>
    <CustomBuild Include="D:\z-Autres\Programmation\Sinah\SINAH\Librairies\Bullet\test\BulletDynamics\pendulum\CMakeLists.txt" />
  </ItemGroup>
  <ItemGroup>
    <Filter Include="Source Files">
      <UniqueIdentifier>{32D01338-4379-3DE6-8CDB-4B0A7B0323E8}</UniqueIdentifier>
    </Filter>
  </ItemGroup>
</Project>
