
Microsoft Visual Studio Solution File, Format Version 12.00
# Visual Studio 14
VisualStudioVersion = 14.0.25123.0
MinimumVisualStudioVersion = 10.0.40219.1
Project("{8BC9CEB8-8B4A-11D0-8D11-00A0C91BC942}") = "Core", "Core\Core.vcxproj", "{F98DD25F-CCD5-4339-B322-38CD1396488B}"
	ProjectSection(ProjectDependencies) = postProject
		{A464C74E-1262-3FDA-9C0B-A7E13E4D1055} = {A464C74E-1262-3FDA-9C0B-A7E13E4D1055}
		{26FE5D5C-02CE-3DB9-BD4C-268A7EE479AD} = {26FE5D5C-02CE-3DB9-BD4C-268A7EE479AD}
		{1BED378D-E7C2-36F8-B715-E2A540CC1FAB} = {1BED378D-E7C2-36F8-B715-E2A540CC1FAB}
	EndProjectSection
EndProject
Project("{8BC9CEB8-8B4A-11D0-8D11-00A0C91BC942}") = "BulletCollision", "..\Librairies\Bullet\mon-build-dynamique\src\BulletCollision\BulletCollision.vcxproj", "{A464C74E-1262-3FDA-9C0B-A7E13E4D1055}"
EndProject
Project("{8BC9CEB8-8B4A-11D0-8D11-00A0C91BC942}") = "BulletDynamics", "..\Librairies\Bullet\mon-build-dynamique\src\BulletDynamics\BulletDynamics.vcxproj", "{26FE5D5C-02CE-3DB9-BD4C-268A7EE479AD}"
EndProject
Project("{8BC9CEB8-8B4A-11D0-8D11-00A0C91BC942}") = "LinearMath", "..\Librairies\Bullet\mon-build-dynamique\src\LinearMath\LinearMath.vcxproj", "{1BED378D-E7C2-36F8-B715-E2A540CC1FAB}"
EndProject
Global
	GlobalSection(SolutionConfigurationPlatforms) = preSolution
		Debug|x64 = Debug|x64
		Debug|x86 = Debug|x86
		MinSizeRel|x64 = MinSizeRel|x64
		MinSizeRel|x86 = MinSizeRel|x86
		Release|x64 = Release|x64
		Release|x86 = Release|x86
		RelWithDebInfo|x64 = RelWithDebInfo|x64
		RelWithDebInfo|x86 = RelWithDebInfo|x86
	EndGlobalSection
	GlobalSection(ProjectConfigurationPlatforms) = postSolution
		{F98DD25F-CCD5-4339-B322-38CD1396488B}.Debug|x64.ActiveCfg = Debug|x64
		{F98DD25F-CCD5-4339-B322-38CD1396488B}.Debug|x64.Build.0 = Debug|x64
		{F98DD25F-CCD5-4339-B322-38CD1396488B}.Debug|x86.ActiveCfg = Debug|Win32
		{F98DD25F-CCD5-4339-B322-38CD1396488B}.Debug|x86.Build.0 = Debug|Win32
		{F98DD25F-CCD5-4339-B322-38CD1396488B}.MinSizeRel|x64.ActiveCfg = Release|x64
		{F98DD25F-CCD5-4339-B322-38CD1396488B}.MinSizeRel|x64.Build.0 = Release|x64
		{F98DD25F-CCD5-4339-B322-38CD1396488B}.MinSizeRel|x86.ActiveCfg = Release|Win32
		{F98DD25F-CCD5-4339-B322-38CD1396488B}.MinSizeRel|x86.Build.0 = Release|Win32
		{F98DD25F-CCD5-4339-B322-38CD1396488B}.Release|x64.ActiveCfg = Release|x64
		{F98DD25F-CCD5-4339-B322-38CD1396488B}.Release|x64.Build.0 = Release|x64
		{F98DD25F-CCD5-4339-B322-38CD1396488B}.Release|x86.ActiveCfg = Release|Win32
		{F98DD25F-CCD5-4339-B322-38CD1396488B}.Release|x86.Build.0 = Release|Win32
		{F98DD25F-CCD5-4339-B322-38CD1396488B}.RelWithDebInfo|x64.ActiveCfg = Release|x64
		{F98DD25F-CCD5-4339-B322-38CD1396488B}.RelWithDebInfo|x64.Build.0 = Release|x64
		{F98DD25F-CCD5-4339-B322-38CD1396488B}.RelWithDebInfo|x86.ActiveCfg = Release|Win32
		{F98DD25F-CCD5-4339-B322-38CD1396488B}.RelWithDebInfo|x86.Build.0 = Release|Win32
		{A464C74E-1262-3FDA-9C0B-A7E13E4D1055}.Debug|x64.ActiveCfg = Debug|Win32
		{A464C74E-1262-3FDA-9C0B-A7E13E4D1055}.Debug|x86.ActiveCfg = Debug|Win32
		{A464C74E-1262-3FDA-9C0B-A7E13E4D1055}.Debug|x86.Build.0 = Debug|Win32
		{A464C74E-1262-3FDA-9C0B-A7E13E4D1055}.MinSizeRel|x64.ActiveCfg = MinSizeRel|Win32
		{A464C74E-1262-3FDA-9C0B-A7E13E4D1055}.MinSizeRel|x86.ActiveCfg = MinSizeRel|Win32
		{A464C74E-1262-3FDA-9C0B-A7E13E4D1055}.MinSizeRel|x86.Build.0 = MinSizeRel|Win32
		{A464C74E-1262-3FDA-9C0B-A7E13E4D1055}.Release|x64.ActiveCfg = Release|Win32
		{A464C74E-1262-3FDA-9C0B-A7E13E4D1055}.Release|x86.ActiveCfg = Release|Win32
		{A464C74E-1262-3FDA-9C0B-A7E13E4D1055}.Release|x86.Build.0 = Release|Win32
		{A464C74E-1262-3FDA-9C0B-A7E13E4D1055}.RelWithDebInfo|x64.ActiveCfg = RelWithDebInfo|Win32
		{A464C74E-1262-3FDA-9C0B-A7E13E4D1055}.RelWithDebInfo|x86.ActiveCfg = RelWithDebInfo|Win32
		{A464C74E-1262-3FDA-9C0B-A7E13E4D1055}.RelWithDebInfo|x86.Build.0 = RelWithDebInfo|Win32
		{26FE5D5C-02CE-3DB9-BD4C-268A7EE479AD}.Debug|x64.ActiveCfg = Debug|Win32
		{26FE5D5C-02CE-3DB9-BD4C-268A7EE479AD}.Debug|x86.ActiveCfg = Debug|Win32
		{26FE5D5C-02CE-3DB9-BD4C-268A7EE479AD}.Debug|x86.Build.0 = Debug|Win32
		{26FE5D5C-02CE-3DB9-BD4C-268A7EE479AD}.MinSizeRel|x64.ActiveCfg = MinSizeRel|Win32
		{26FE5D5C-02CE-3DB9-BD4C-268A7EE479AD}.MinSizeRel|x86.ActiveCfg = MinSizeRel|Win32
		{26FE5D5C-02CE-3DB9-BD4C-268A7EE479AD}.MinSizeRel|x86.Build.0 = MinSizeRel|Win32
		{26FE5D5C-02CE-3DB9-BD4C-268A7EE479AD}.Release|x64.ActiveCfg = Release|Win32
		{26FE5D5C-02CE-3DB9-BD4C-268A7EE479AD}.Release|x86.ActiveCfg = Release|Win32
		{26FE5D5C-02CE-3DB9-BD4C-268A7EE479AD}.Release|x86.Build.0 = Release|Win32
		{26FE5D5C-02CE-3DB9-BD4C-268A7EE479AD}.RelWithDebInfo|x64.ActiveCfg = RelWithDebInfo|Win32
		{26FE5D5C-02CE-3DB9-BD4C-268A7EE479AD}.RelWithDebInfo|x86.ActiveCfg = RelWithDebInfo|Win32
		{26FE5D5C-02CE-3DB9-BD4C-268A7EE479AD}.RelWithDebInfo|x86.Build.0 = RelWithDebInfo|Win32
		{1BED378D-E7C2-36F8-B715-E2A540CC1FAB}.Debug|x64.ActiveCfg = Debug|Win32
		{1BED378D-E7C2-36F8-B715-E2A540CC1FAB}.Debug|x86.ActiveCfg = Debug|Win32
		{1BED378D-E7C2-36F8-B715-E2A540CC1FAB}.Debug|x86.Build.0 = Debug|Win32
		{1BED378D-E7C2-36F8-B715-E2A540CC1FAB}.MinSizeRel|x64.ActiveCfg = MinSizeRel|Win32
		{1BED378D-E7C2-36F8-B715-E2A540CC1FAB}.MinSizeRel|x86.ActiveCfg = MinSizeRel|Win32
		{1BED378D-E7C2-36F8-B715-E2A540CC1FAB}.MinSizeRel|x86.Build.0 = MinSizeRel|Win32
		{1BED378D-E7C2-36F8-B715-E2A540CC1FAB}.Release|x64.ActiveCfg = Release|Win32
		{1BED378D-E7C2-36F8-B715-E2A540CC1FAB}.Release|x86.ActiveCfg = Release|Win32
		{1BED378D-E7C2-36F8-B715-E2A540CC1FAB}.Release|x86.Build.0 = Release|Win32
		{1BED378D-E7C2-36F8-B715-E2A540CC1FAB}.RelWithDebInfo|x64.ActiveCfg = RelWithDebInfo|Win32
		{1BED378D-E7C2-36F8-B715-E2A540CC1FAB}.RelWithDebInfo|x86.ActiveCfg = RelWithDebInfo|Win32
		{1BED378D-E7C2-36F8-B715-E2A540CC1FAB}.RelWithDebInfo|x86.Build.0 = RelWithDebInfo|Win32
	EndGlobalSection
	GlobalSection(SolutionProperties) = preSolution
		HideSolutionNode = FALSE
	EndGlobalSection
EndGlobal
