<?xml version="1.0" encoding="UTF-8"?>
<Project ToolsVersion="14.0" xmlns="http://schemas.microsoft.com/developer/msbuild/2003">
  <ItemGroup>
    <ClCompile Include="D:\z-Autres\Programmation\Sinah\SINAH\Librairies\Bullet\src\BulletInverseDynamics\IDMath.cpp">
      <Filter>Source Files</Filter>
    </ClCompile>
    <ClCompile Include="D:\z-Autres\Programmation\Sinah\SINAH\Librairies\Bullet\src\BulletInverseDynamics\MultiBodyTree.cpp">
      <Filter>Source Files</Filter>
    </ClCompile>
    <ClCompile Include="D:\z-Autres\Programmation\Sinah\SINAH\Librairies\Bullet\src\BulletInverseDynamics\details\MultiBodyTreeInitCache.cpp">
      <Filter>Source Files</Filter>
    </ClCompile>
    <ClCompile Include="D:\z-Autres\Programmation\Sinah\SINAH\Librairies\Bullet\src\BulletInverseDynamics\details\MultiBodyTreeImpl.cpp">
      <Filter>Source Files</Filter>
    </ClCompile>
  </ItemGroup>
  <ItemGroup>
    <ClInclude Include="D:\z-Autres\Programmation\Sinah\SINAH\Librairies\Bullet\src\BulletInverseDynamics\IDConfig.hpp">
      <Filter>Header Files</Filter>
    </ClInclude>
    <ClInclude Include="D:\z-Autres\Programmation\Sinah\SINAH\Librairies\Bullet\src\BulletInverseDynamics\IDConfigEigen.hpp">
      <Filter>Header Files</Filter>
    </ClInclude>
    <ClInclude Include="D:\z-Autres\Programmation\Sinah\SINAH\Librairies\Bullet\src\BulletInverseDynamics\IDMath.hpp">
      <Filter>Header Files</Filter>
    </ClInclude>
    <ClInclude Include="D:\z-Autres\Programmation\Sinah\SINAH\Librairies\Bullet\src\BulletInverseDynamics\IDConfigBuiltin.hpp">
      <Filter>Header Files</Filter>
    </ClInclude>
    <ClInclude Include="D:\z-Autres\Programmation\Sinah\SINAH\Librairies\Bullet\src\BulletInverseDynamics\IDErrorMessages.hpp">
      <Filter>Header Files</Filter>
    </ClInclude>
    <ClInclude Include="D:\z-Autres\Programmation\Sinah\SINAH\Librairies\Bullet\src\BulletInverseDynamics\MultiBodyTree.hpp">
      <Filter>Header Files</Filter>
    </ClInclude>
    <ClInclude Include="D:\z-Autres\Programmation\Sinah\SINAH\Librairies\Bullet\src\BulletInverseDynamics\details\IDEigenInterface.hpp">
      <Filter>Header Files</Filter>
    </ClInclude>
    <ClInclude Include="D:\z-Autres\Programmation\Sinah\SINAH\Librairies\Bullet\src\BulletInverseDynamics\details\IDMatVec.hpp">
      <Filter>Header Files</Filter>
    </ClInclude>
    <ClInclude Include="D:\z-Autres\Programmation\Sinah\SINAH\Librairies\Bullet\src\BulletInverseDynamics\details\IDLinearMathInterface.hpp">
      <Filter>Header Files</Filter>
    </ClInclude>
    <ClInclude Include="D:\z-Autres\Programmation\Sinah\SINAH\Librairies\Bullet\src\BulletInverseDynamics\details\MultiBodyTreeImpl.hpp">
      <Filter>Header Files</Filter>
    </ClInclude>
    <ClInclude Include="D:\z-Autres\Programmation\Sinah\SINAH\Librairies\Bullet\src\BulletInverseDynamics\details\MultiBodyTreeInitCache.hpp">
      <Filter>Header Files</Filter>
    </ClInclude>
  </ItemGroup>
  <ItemGroup>
    <CustomBuild Include="D:\z-Autres\Programmation\Sinah\SINAH\Librairies\Bullet\src\BulletInverseDynamics\CMakeLists.txt" />
  </ItemGroup>
  <ItemGroup>
    <Filter Include="Source Files">
      <UniqueIdentifier>{32D01338-4379-3DE6-8CDB-4B0A7B0323E8}</UniqueIdentifier>
    </Filter>
    <Filter Include="Header Files">
      <UniqueIdentifier>{BC3A3C3B-87DF-3E34-88EB-296E5FD8DD62}</UniqueIdentifier>
    </Filter>
  </ItemGroup>
</Project>
