Microsoft Visual Studio Solution File, Format Version 12.00
# Visual Studio 14
Project("{8BC9CEB8-8B4A-11D0-8D11-00A0C91BC942}") = "ALL_BUILD", "ALL_BUILD.vcxproj", "{1F1D9BD4-396F-3B2F-B72F-5D3DF6EAE64D}"
	ProjectSection(ProjectDependencies) = postProject
		{8B38321A-AAD8-30AF-A88C-FD32A6811E74} = {8B38321A-AAD8-30AF-A88C-FD32A6811E74}
		{B9FCE5BF-800D-36AD-A956-85817202DAC7} = {B9FCE5BF-800D-36AD-A956-85817202DAC7}
		{E5E2982A-63EB-38D1-A500-74200D940088} = {E5E2982A-63EB-38D1-A500-74200D940088}
		{FB35DE8B-BF49-3463-B5AA-E1DDC9721815} = {FB35DE8B-BF49-3463-B5AA-E1DDC9721815}
		{5401ACD5-84B6-3368-AAB3-DF5A61663EC5} = {5401ACD5-84B6-3368-AAB3-DF5A61663EC5}
		{4F6684FD-DA88-3A08-97E7-E44A365AFAE7} = {4F6684FD-DA88-3A08-97E7-E44A365AFAE7}
		{A0567E00-2BFD-36BC-9211-189FA301B384} = {A0567E00-2BFD-36BC-9211-189FA301B384}
		{EFA70809-F895-363E-9C97-B9291C6B8FB2} = {EFA70809-F895-363E-9C97-B9291C6B8FB2}
		{3E4D2EBC-1D7A-30BE-8834-39600119B817} = {3E4D2EBC-1D7A-30BE-8834-39600119B817}
		{A464C74E-1262-3FDA-9C0B-A7E13E4D1055} = {A464C74E-1262-3FDA-9C0B-A7E13E4D1055}
		{26FE5D5C-02CE-3DB9-BD4C-268A7EE479AD} = {26FE5D5C-02CE-3DB9-BD4C-268A7EE479AD}
		{A2A87357-540D-339C-AA32-EB0696C51577} = {A2A87357-540D-339C-AA32-EB0696C51577}
		{3C59110A-3C5B-325A-A4E7-0FD4E21A095E} = {3C59110A-3C5B-325A-A4E7-0FD4E21A095E}
		{42EECD0E-75CF-3294-A36B-575567BAD6F5} = {42EECD0E-75CF-3294-A36B-575567BAD6F5}
		{A883389E-01EB-39F1-BB7B-B3EE3B3DDEEB} = {A883389E-01EB-39F1-BB7B-B3EE3B3DDEEB}
		{972A3A29-776C-3AC0-ACC1-683EAC16AAFF} = {972A3A29-776C-3AC0-ACC1-683EAC16AAFF}
		{41380BEB-B26C-3D1E-A366-1CC233F4820A} = {41380BEB-B26C-3D1E-A366-1CC233F4820A}
		{0A61FA50-1F5D-3CDF-BDB5-E0BAF006E9B9} = {0A61FA50-1F5D-3CDF-BDB5-E0BAF006E9B9}
		{A715C30C-4783-3095-ABAC-4A73A6FBBEFC} = {A715C30C-4783-3095-ABAC-4A73A6FBBEFC}
		{B44DD784-0F28-3331-99E2-91FB764C446C} = {B44DD784-0F28-3331-99E2-91FB764C446C}
		{1BED378D-E7C2-36F8-B715-E2A540CC1FAB} = {1BED378D-E7C2-36F8-B715-E2A540CC1FAB}
		{37881F52-E94A-3287-8F5B-CBA6ECFE395D} = {37881F52-E94A-3287-8F5B-CBA6ECFE395D}
		{56B56198-CE7C-3774-A686-A02A01C1207F} = {56B56198-CE7C-3774-A686-A02A01C1207F}
		{4085CD97-855F-3249-8F3D-3C287BBFE4E4} = {4085CD97-855F-3249-8F3D-3C287BBFE4E4}
		{18E26232-AAB3-3A88-95A8-520B9EC27F8F} = {18E26232-AAB3-3A88-95A8-520B9EC27F8F}
		{08354606-53F6-339B-B256-4C4C168AE90C} = {08354606-53F6-339B-B256-4C4C168AE90C}
		{7CA17A50-F0FA-3A8E-B54D-63700105FAC3} = {7CA17A50-F0FA-3A8E-B54D-63700105FAC3}
		{F5745A87-9921-3369-944C-E6E2C4BE5276} = {F5745A87-9921-3369-944C-E6E2C4BE5276}
	EndProjectSection
EndProject
Project("{8BC9CEB8-8B4A-11D0-8D11-00A0C91BC942}") = "App_BasicExample", "examples\BasicDemo\App_BasicExample.vcxproj", "{8B38321A-AAD8-30AF-A88C-FD32A6811E74}"
	ProjectSection(ProjectDependencies) = postProject
		{A464C74E-1262-3FDA-9C0B-A7E13E4D1055} = {A464C74E-1262-3FDA-9C0B-A7E13E4D1055}
		{26FE5D5C-02CE-3DB9-BD4C-268A7EE479AD} = {26FE5D5C-02CE-3DB9-BD4C-268A7EE479AD}
		{1BED378D-E7C2-36F8-B715-E2A540CC1FAB} = {1BED378D-E7C2-36F8-B715-E2A540CC1FAB}
		{08354606-53F6-339B-B256-4C4C168AE90C} = {08354606-53F6-339B-B256-4C4C168AE90C}
	EndProjectSection
EndProject
Project("{8BC9CEB8-8B4A-11D0-8D11-00A0C91BC942}") = "App_ExampleBrowser", "examples\ExampleBrowser\App_ExampleBrowser.vcxproj", "{B9FCE5BF-800D-36AD-A956-85817202DAC7}"
	ProjectSection(ProjectDependencies) = postProject
		{4F6684FD-DA88-3A08-97E7-E44A365AFAE7} = {4F6684FD-DA88-3A08-97E7-E44A365AFAE7}
		{A464C74E-1262-3FDA-9C0B-A7E13E4D1055} = {A464C74E-1262-3FDA-9C0B-A7E13E4D1055}
		{26FE5D5C-02CE-3DB9-BD4C-268A7EE479AD} = {26FE5D5C-02CE-3DB9-BD4C-268A7EE479AD}
		{3C59110A-3C5B-325A-A4E7-0FD4E21A095E} = {3C59110A-3C5B-325A-A4E7-0FD4E21A095E}
		{42EECD0E-75CF-3294-A36B-575567BAD6F5} = {42EECD0E-75CF-3294-A36B-575567BAD6F5}
		{A883389E-01EB-39F1-BB7B-B3EE3B3DDEEB} = {A883389E-01EB-39F1-BB7B-B3EE3B3DDEEB}
		{1BED378D-E7C2-36F8-B715-E2A540CC1FAB} = {1BED378D-E7C2-36F8-B715-E2A540CC1FAB}
		{37881F52-E94A-3287-8F5B-CBA6ECFE395D} = {37881F52-E94A-3287-8F5B-CBA6ECFE395D}
		{08354606-53F6-339B-B256-4C4C168AE90C} = {08354606-53F6-339B-B256-4C4C168AE90C}
		{F5745A87-9921-3369-944C-E6E2C4BE5276} = {F5745A87-9921-3369-944C-E6E2C4BE5276}
	EndProjectSection
EndProject
Project("{8BC9CEB8-8B4A-11D0-8D11-00A0C91BC942}") = "App_HelloWorld", "examples\HelloWorld\App_HelloWorld.vcxproj", "{E5E2982A-63EB-38D1-A500-74200D940088}"
	ProjectSection(ProjectDependencies) = postProject
		{A464C74E-1262-3FDA-9C0B-A7E13E4D1055} = {A464C74E-1262-3FDA-9C0B-A7E13E4D1055}
		{26FE5D5C-02CE-3DB9-BD4C-268A7EE479AD} = {26FE5D5C-02CE-3DB9-BD4C-268A7EE479AD}
		{1BED378D-E7C2-36F8-B715-E2A540CC1FAB} = {1BED378D-E7C2-36F8-B715-E2A540CC1FAB}
		{08354606-53F6-339B-B256-4C4C168AE90C} = {08354606-53F6-339B-B256-4C4C168AE90C}
	EndProjectSection
EndProject
Project("{8BC9CEB8-8B4A-11D0-8D11-00A0C91BC942}") = "Bullet2FileLoader", "src\Bullet3Serialize\Bullet2FileLoader\Bullet2FileLoader.vcxproj", "{FB35DE8B-BF49-3463-B5AA-E1DDC9721815}"
	ProjectSection(ProjectDependencies) = postProject
		{08354606-53F6-339B-B256-4C4C168AE90C} = {08354606-53F6-339B-B256-4C4C168AE90C}
	EndProjectSection
EndProject
Project("{8BC9CEB8-8B4A-11D0-8D11-00A0C91BC942}") = "Bullet3Collision", "src\Bullet3Collision\Bullet3Collision.vcxproj", "{5401ACD5-84B6-3368-AAB3-DF5A61663EC5}"
	ProjectSection(ProjectDependencies) = postProject
		{08354606-53F6-339B-B256-4C4C168AE90C} = {08354606-53F6-339B-B256-4C4C168AE90C}
	EndProjectSection
EndProject
Project("{8BC9CEB8-8B4A-11D0-8D11-00A0C91BC942}") = "Bullet3Common", "src\Bullet3Common\Bullet3Common.vcxproj", "{4F6684FD-DA88-3A08-97E7-E44A365AFAE7}"
	ProjectSection(ProjectDependencies) = postProject
		{08354606-53F6-339B-B256-4C4C168AE90C} = {08354606-53F6-339B-B256-4C4C168AE90C}
	EndProjectSection
EndProject
Project("{8BC9CEB8-8B4A-11D0-8D11-00A0C91BC942}") = "Bullet3Dynamics", "src\Bullet3Dynamics\Bullet3Dynamics.vcxproj", "{A0567E00-2BFD-36BC-9211-189FA301B384}"
	ProjectSection(ProjectDependencies) = postProject
		{08354606-53F6-339B-B256-4C4C168AE90C} = {08354606-53F6-339B-B256-4C4C168AE90C}
	EndProjectSection
EndProject
Project("{8BC9CEB8-8B4A-11D0-8D11-00A0C91BC942}") = "Bullet3Geometry", "src\Bullet3Geometry\Bullet3Geometry.vcxproj", "{EFA70809-F895-363E-9C97-B9291C6B8FB2}"
	ProjectSection(ProjectDependencies) = postProject
		{08354606-53F6-339B-B256-4C4C168AE90C} = {08354606-53F6-339B-B256-4C4C168AE90C}
	EndProjectSection
EndProject
Project("{8BC9CEB8-8B4A-11D0-8D11-00A0C91BC942}") = "Bullet3OpenCL_clew", "src\Bullet3OpenCL\Bullet3OpenCL_clew.vcxproj", "{3E4D2EBC-1D7A-30BE-8834-39600119B817}"
	ProjectSection(ProjectDependencies) = postProject
		{08354606-53F6-339B-B256-4C4C168AE90C} = {08354606-53F6-339B-B256-4C4C168AE90C}
	EndProjectSection
EndProject
Project("{8BC9CEB8-8B4A-11D0-8D11-00A0C91BC942}") = "BulletCollision", "src\BulletCollision\BulletCollision.vcxproj", "{A464C74E-1262-3FDA-9C0B-A7E13E4D1055}"
	ProjectSection(ProjectDependencies) = postProject
		{08354606-53F6-339B-B256-4C4C168AE90C} = {08354606-53F6-339B-B256-4C4C168AE90C}
	EndProjectSection
EndProject
Project("{8BC9CEB8-8B4A-11D0-8D11-00A0C91BC942}") = "BulletDynamics", "src\BulletDynamics\BulletDynamics.vcxproj", "{26FE5D5C-02CE-3DB9-BD4C-268A7EE479AD}"
	ProjectSection(ProjectDependencies) = postProject
		{08354606-53F6-339B-B256-4C4C168AE90C} = {08354606-53F6-339B-B256-4C4C168AE90C}
	EndProjectSection
EndProject
Project("{8BC9CEB8-8B4A-11D0-8D11-00A0C91BC942}") = "BulletFileLoader", "Extras\Serialize\BulletFileLoader\BulletFileLoader.vcxproj", "{A2A87357-540D-339C-AA32-EB0696C51577}"
	ProjectSection(ProjectDependencies) = postProject
		{08354606-53F6-339B-B256-4C4C168AE90C} = {08354606-53F6-339B-B256-4C4C168AE90C}
	EndProjectSection
EndProject
Project("{8BC9CEB8-8B4A-11D0-8D11-00A0C91BC942}") = "BulletInverseDynamics", "src\BulletInverseDynamics\BulletInverseDynamics.vcxproj", "{3C59110A-3C5B-325A-A4E7-0FD4E21A095E}"
	ProjectSection(ProjectDependencies) = postProject
		{08354606-53F6-339B-B256-4C4C168AE90C} = {08354606-53F6-339B-B256-4C4C168AE90C}
	EndProjectSection
EndProject
Project("{8BC9CEB8-8B4A-11D0-8D11-00A0C91BC942}") = "BulletInverseDynamicsUtils", "Extras\InverseDynamics\BulletInverseDynamicsUtils.vcxproj", "{42EECD0E-75CF-3294-A36B-575567BAD6F5}"
	ProjectSection(ProjectDependencies) = postProject
		{08354606-53F6-339B-B256-4C4C168AE90C} = {08354606-53F6-339B-B256-4C4C168AE90C}
	EndProjectSection
EndProject
Project("{8BC9CEB8-8B4A-11D0-8D11-00A0C91BC942}") = "BulletSoftBody", "src\BulletSoftBody\BulletSoftBody.vcxproj", "{A883389E-01EB-39F1-BB7B-B3EE3B3DDEEB}"
	ProjectSection(ProjectDependencies) = postProject
		{08354606-53F6-339B-B256-4C4C168AE90C} = {08354606-53F6-339B-B256-4C4C168AE90C}
	EndProjectSection
EndProject
Project("{8BC9CEB8-8B4A-11D0-8D11-00A0C91BC942}") = "BulletWorldImporter", "Extras\Serialize\BulletWorldImporter\BulletWorldImporter.vcxproj", "{972A3A29-776C-3AC0-ACC1-683EAC16AAFF}"
	ProjectSection(ProjectDependencies) = postProject
		{08354606-53F6-339B-B256-4C4C168AE90C} = {08354606-53F6-339B-B256-4C4C168AE90C}
	EndProjectSection
EndProject
Project("{8BC9CEB8-8B4A-11D0-8D11-00A0C91BC942}") = "BulletXmlWorldImporter", "Extras\Serialize\BulletXmlWorldImporter\BulletXmlWorldImporter.vcxproj", "{41380BEB-B26C-3D1E-A366-1CC233F4820A}"
	ProjectSection(ProjectDependencies) = postProject
		{08354606-53F6-339B-B256-4C4C168AE90C} = {08354606-53F6-339B-B256-4C4C168AE90C}
	EndProjectSection
EndProject
Project("{8BC9CEB8-8B4A-11D0-8D11-00A0C91BC942}") = "ConvexDecomposition", "Extras\ConvexDecomposition\ConvexDecomposition.vcxproj", "{0A61FA50-1F5D-3CDF-BDB5-E0BAF006E9B9}"
	ProjectSection(ProjectDependencies) = postProject
		{08354606-53F6-339B-B256-4C4C168AE90C} = {08354606-53F6-339B-B256-4C4C168AE90C}
	EndProjectSection
EndProject
Project("{8BC9CEB8-8B4A-11D0-8D11-00A0C91BC942}") = "GIMPACTUtils", "Extras\GIMPACTUtils\GIMPACTUtils.vcxproj", "{A715C30C-4783-3095-ABAC-4A73A6FBBEFC}"
	ProjectSection(ProjectDependencies) = postProject
		{08354606-53F6-339B-B256-4C4C168AE90C} = {08354606-53F6-339B-B256-4C4C168AE90C}
	EndProjectSection
EndProject
Project("{8BC9CEB8-8B4A-11D0-8D11-00A0C91BC942}") = "HACD", "Extras\HACD\HACD.vcxproj", "{B44DD784-0F28-3331-99E2-91FB764C446C}"
	ProjectSection(ProjectDependencies) = postProject
		{08354606-53F6-339B-B256-4C4C168AE90C} = {08354606-53F6-339B-B256-4C4C168AE90C}
	EndProjectSection
EndProject
Project("{8BC9CEB8-8B4A-11D0-8D11-00A0C91BC942}") = "INSTALL", "INSTALL.vcxproj", "{B48BA518-5E66-31BF-BE7E-93B956D576FC}"
	ProjectSection(ProjectDependencies) = postProject
		{1F1D9BD4-396F-3B2F-B72F-5D3DF6EAE64D} = {1F1D9BD4-396F-3B2F-B72F-5D3DF6EAE64D}
		{08354606-53F6-339B-B256-4C4C168AE90C} = {08354606-53F6-339B-B256-4C4C168AE90C}
	EndProjectSection
EndProject
Project("{8BC9CEB8-8B4A-11D0-8D11-00A0C91BC942}") = "LinearMath", "src\LinearMath\LinearMath.vcxproj", "{1BED378D-E7C2-36F8-B715-E2A540CC1FAB}"
	ProjectSection(ProjectDependencies) = postProject
		{08354606-53F6-339B-B256-4C4C168AE90C} = {08354606-53F6-339B-B256-4C4C168AE90C}
	EndProjectSection
EndProject
Project("{8BC9CEB8-8B4A-11D0-8D11-00A0C91BC942}") = "OpenGLWindow", "examples\OpenGLWindow\OpenGLWindow.vcxproj", "{37881F52-E94A-3287-8F5B-CBA6ECFE395D}"
	ProjectSection(ProjectDependencies) = postProject
		{08354606-53F6-339B-B256-4C4C168AE90C} = {08354606-53F6-339B-B256-4C4C168AE90C}
	EndProjectSection
EndProject
Project("{8BC9CEB8-8B4A-11D0-8D11-00A0C91BC942}") = "RUN_TESTS", "RUN_TESTS.vcxproj", "{7EFA85AE-E062-3854-A591-1D02037B4915}"
	ProjectSection(ProjectDependencies) = postProject
		{08354606-53F6-339B-B256-4C4C168AE90C} = {08354606-53F6-339B-B256-4C4C168AE90C}
	EndProjectSection
EndProject
Project("{8BC9CEB8-8B4A-11D0-8D11-00A0C91BC942}") = "Test_BulletDynamics", "test\BulletDynamics\pendulum\Test_BulletDynamics.vcxproj", "{56B56198-CE7C-3774-A686-A02A01C1207F}"
	ProjectSection(ProjectDependencies) = postProject
		{A464C74E-1262-3FDA-9C0B-A7E13E4D1055} = {A464C74E-1262-3FDA-9C0B-A7E13E4D1055}
		{26FE5D5C-02CE-3DB9-BD4C-268A7EE479AD} = {26FE5D5C-02CE-3DB9-BD4C-268A7EE479AD}
		{1BED378D-E7C2-36F8-B715-E2A540CC1FAB} = {1BED378D-E7C2-36F8-B715-E2A540CC1FAB}
		{08354606-53F6-339B-B256-4C4C168AE90C} = {08354606-53F6-339B-B256-4C4C168AE90C}
		{7CA17A50-F0FA-3A8E-B54D-63700105FAC3} = {7CA17A50-F0FA-3A8E-B54D-63700105FAC3}
	EndProjectSection
EndProject
Project("{8BC9CEB8-8B4A-11D0-8D11-00A0C91BC942}") = "Test_BulletInverseDynamics", "test\InverseDynamics\Test_BulletInverseDynamics.vcxproj", "{4085CD97-855F-3249-8F3D-3C287BBFE4E4}"
	ProjectSection(ProjectDependencies) = postProject
		{4F6684FD-DA88-3A08-97E7-E44A365AFAE7} = {4F6684FD-DA88-3A08-97E7-E44A365AFAE7}
		{3C59110A-3C5B-325A-A4E7-0FD4E21A095E} = {3C59110A-3C5B-325A-A4E7-0FD4E21A095E}
		{42EECD0E-75CF-3294-A36B-575567BAD6F5} = {42EECD0E-75CF-3294-A36B-575567BAD6F5}
		{1BED378D-E7C2-36F8-B715-E2A540CC1FAB} = {1BED378D-E7C2-36F8-B715-E2A540CC1FAB}
		{08354606-53F6-339B-B256-4C4C168AE90C} = {08354606-53F6-339B-B256-4C4C168AE90C}
		{7CA17A50-F0FA-3A8E-B54D-63700105FAC3} = {7CA17A50-F0FA-3A8E-B54D-63700105FAC3}
	EndProjectSection
EndProject
Project("{8BC9CEB8-8B4A-11D0-8D11-00A0C91BC942}") = "Test_Collision", "test\collision\Test_Collision.vcxproj", "{18E26232-AAB3-3A88-95A8-520B9EC27F8F}"
	ProjectSection(ProjectDependencies) = postProject
		{1BED378D-E7C2-36F8-B715-E2A540CC1FAB} = {1BED378D-E7C2-36F8-B715-E2A540CC1FAB}
		{08354606-53F6-339B-B256-4C4C168AE90C} = {08354606-53F6-339B-B256-4C4C168AE90C}
		{7CA17A50-F0FA-3A8E-B54D-63700105FAC3} = {7CA17A50-F0FA-3A8E-B54D-63700105FAC3}
	EndProjectSection
EndProject
Project("{8BC9CEB8-8B4A-11D0-8D11-00A0C91BC942}") = "ZERO_CHECK", "ZERO_CHECK.vcxproj", "{08354606-53F6-339B-B256-4C4C168AE90C}"
	ProjectSection(ProjectDependencies) = postProject
	EndProjectSection
EndProject
Project("{8BC9CEB8-8B4A-11D0-8D11-00A0C91BC942}") = "gtest", "test\gtest-1.7.0\gtest.vcxproj", "{7CA17A50-F0FA-3A8E-B54D-63700105FAC3}"
	ProjectSection(ProjectDependencies) = postProject
		{08354606-53F6-339B-B256-4C4C168AE90C} = {08354606-53F6-339B-B256-4C4C168AE90C}
	EndProjectSection
EndProject
Project("{8BC9CEB8-8B4A-11D0-8D11-00A0C91BC942}") = "gwen", "examples\ThirdPartyLibs\Gwen\gwen.vcxproj", "{F5745A87-9921-3369-944C-E6E2C4BE5276}"
	ProjectSection(ProjectDependencies) = postProject
		{08354606-53F6-339B-B256-4C4C168AE90C} = {08354606-53F6-339B-B256-4C4C168AE90C}
	EndProjectSection
EndProject
Global
	GlobalSection(SolutionConfigurationPlatforms) = preSolution
		Debug|Win32 = Debug|Win32
		Release|Win32 = Release|Win32
		MinSizeRel|Win32 = MinSizeRel|Win32
		RelWithDebInfo|Win32 = RelWithDebInfo|Win32
	EndGlobalSection
	GlobalSection(ProjectConfigurationPlatforms) = postSolution
		{1F1D9BD4-396F-3B2F-B72F-5D3DF6EAE64D}.Debug|Win32.ActiveCfg = Debug|Win32
		{1F1D9BD4-396F-3B2F-B72F-5D3DF6EAE64D}.Debug|Win32.Build.0 = Debug|Win32
		{1F1D9BD4-396F-3B2F-B72F-5D3DF6EAE64D}.Release|Win32.ActiveCfg = Release|Win32
		{1F1D9BD4-396F-3B2F-B72F-5D3DF6EAE64D}.Release|Win32.Build.0 = Release|Win32
		{1F1D9BD4-396F-3B2F-B72F-5D3DF6EAE64D}.MinSizeRel|Win32.ActiveCfg = MinSizeRel|Win32
		{1F1D9BD4-396F-3B2F-B72F-5D3DF6EAE64D}.MinSizeRel|Win32.Build.0 = MinSizeRel|Win32
		{1F1D9BD4-396F-3B2F-B72F-5D3DF6EAE64D}.RelWithDebInfo|Win32.ActiveCfg = RelWithDebInfo|Win32
		{1F1D9BD4-396F-3B2F-B72F-5D3DF6EAE64D}.RelWithDebInfo|Win32.Build.0 = RelWithDebInfo|Win32
		{8B38321A-AAD8-30AF-A88C-FD32A6811E74}.Debug|Win32.ActiveCfg = Debug|Win32
		{8B38321A-AAD8-30AF-A88C-FD32A6811E74}.Debug|Win32.Build.0 = Debug|Win32
		{8B38321A-AAD8-30AF-A88C-FD32A6811E74}.Release|Win32.ActiveCfg = Release|Win32
		{8B38321A-AAD8-30AF-A88C-FD32A6811E74}.Release|Win32.Build.0 = Release|Win32
		{8B38321A-AAD8-30AF-A88C-FD32A6811E74}.MinSizeRel|Win32.ActiveCfg = MinSizeRel|Win32
		{8B38321A-AAD8-30AF-A88C-FD32A6811E74}.MinSizeRel|Win32.Build.0 = MinSizeRel|Win32
		{8B38321A-AAD8-30AF-A88C-FD32A6811E74}.RelWithDebInfo|Win32.ActiveCfg = RelWithDebInfo|Win32
		{8B38321A-AAD8-30AF-A88C-FD32A6811E74}.RelWithDebInfo|Win32.Build.0 = RelWithDebInfo|Win32
		{B9FCE5BF-800D-36AD-A956-85817202DAC7}.Debug|Win32.ActiveCfg = Debug|Win32
		{B9FCE5BF-800D-36AD-A956-85817202DAC7}.Debug|Win32.Build.0 = Debug|Win32
		{B9FCE5BF-800D-36AD-A956-85817202DAC7}.Release|Win32.ActiveCfg = Release|Win32
		{B9FCE5BF-800D-36AD-A956-85817202DAC7}.Release|Win32.Build.0 = Release|Win32
		{B9FCE5BF-800D-36AD-A956-85817202DAC7}.MinSizeRel|Win32.ActiveCfg = MinSizeRel|Win32
		{B9FCE5BF-800D-36AD-A956-85817202DAC7}.MinSizeRel|Win32.Build.0 = MinSizeRel|Win32
		{B9FCE5BF-800D-36AD-A956-85817202DAC7}.RelWithDebInfo|Win32.ActiveCfg = RelWithDebInfo|Win32
		{B9FCE5BF-800D-36AD-A956-85817202DAC7}.RelWithDebInfo|Win32.Build.0 = RelWithDebInfo|Win32
		{E5E2982A-63EB-38D1-A500-74200D940088}.Debug|Win32.ActiveCfg = Debug|Win32
		{E5E2982A-63EB-38D1-A500-74200D940088}.Debug|Win32.Build.0 = Debug|Win32
		{E5E2982A-63EB-38D1-A500-74200D940088}.Release|Win32.ActiveCfg = Release|Win32
		{E5E2982A-63EB-38D1-A500-74200D940088}.Release|Win32.Build.0 = Release|Win32
		{E5E2982A-63EB-38D1-A500-74200D940088}.MinSizeRel|Win32.ActiveCfg = MinSizeRel|Win32
		{E5E2982A-63EB-38D1-A500-74200D940088}.MinSizeRel|Win32.Build.0 = MinSizeRel|Win32
		{E5E2982A-63EB-38D1-A500-74200D940088}.RelWithDebInfo|Win32.ActiveCfg = RelWithDebInfo|Win32
		{E5E2982A-63EB-38D1-A500-74200D940088}.RelWithDebInfo|Win32.Build.0 = RelWithDebInfo|Win32
		{FB35DE8B-BF49-3463-B5AA-E1DDC9721815}.Debug|Win32.ActiveCfg = Debug|Win32
		{FB35DE8B-BF49-3463-B5AA-E1DDC9721815}.Debug|Win32.Build.0 = Debug|Win32
		{FB35DE8B-BF49-3463-B5AA-E1DDC9721815}.Release|Win32.ActiveCfg = Release|Win32
		{FB35DE8B-BF49-3463-B5AA-E1DDC9721815}.Release|Win32.Build.0 = Release|Win32
		{FB35DE8B-BF49-3463-B5AA-E1DDC9721815}.MinSizeRel|Win32.ActiveCfg = MinSizeRel|Win32
		{FB35DE8B-BF49-3463-B5AA-E1DDC9721815}.MinSizeRel|Win32.Build.0 = MinSizeRel|Win32
		{FB35DE8B-BF49-3463-B5AA-E1DDC9721815}.RelWithDebInfo|Win32.ActiveCfg = RelWithDebInfo|Win32
		{FB35DE8B-BF49-3463-B5AA-E1DDC9721815}.RelWithDebInfo|Win32.Build.0 = RelWithDebInfo|Win32
		{5401ACD5-84B6-3368-AAB3-DF5A61663EC5}.Debug|Win32.ActiveCfg = Debug|Win32
		{5401ACD5-84B6-3368-AAB3-DF5A61663EC5}.Debug|Win32.Build.0 = Debug|Win32
		{5401ACD5-84B6-3368-AAB3-DF5A61663EC5}.Release|Win32.ActiveCfg = Release|Win32
		{5401ACD5-84B6-3368-AAB3-DF5A61663EC5}.Release|Win32.Build.0 = Release|Win32
		{5401ACD5-84B6-3368-AAB3-DF5A61663EC5}.MinSizeRel|Win32.ActiveCfg = MinSizeRel|Win32
		{5401ACD5-84B6-3368-AAB3-DF5A61663EC5}.MinSizeRel|Win32.Build.0 = MinSizeRel|Win32
		{5401ACD5-84B6-3368-AAB3-DF5A61663EC5}.RelWithDebInfo|Win32.ActiveCfg = RelWithDebInfo|Win32
		{5401ACD5-84B6-3368-AAB3-DF5A61663EC5}.RelWithDebInfo|Win32.Build.0 = RelWithDebInfo|Win32
		{4F6684FD-DA88-3A08-97E7-E44A365AFAE7}.Debug|Win32.ActiveCfg = Debug|Win32
		{4F6684FD-DA88-3A08-97E7-E44A365AFAE7}.Debug|Win32.Build.0 = Debug|Win32
		{4F6684FD-DA88-3A08-97E7-E44A365AFAE7}.Release|Win32.ActiveCfg = Release|Win32
		{4F6684FD-DA88-3A08-97E7-E44A365AFAE7}.Release|Win32.Build.0 = Release|Win32
		{4F6684FD-DA88-3A08-97E7-E44A365AFAE7}.MinSizeRel|Win32.ActiveCfg = MinSizeRel|Win32
		{4F6684FD-DA88-3A08-97E7-E44A365AFAE7}.MinSizeRel|Win32.Build.0 = MinSizeRel|Win32
		{4F6684FD-DA88-3A08-97E7-E44A365AFAE7}.RelWithDebInfo|Win32.ActiveCfg = RelWithDebInfo|Win32
		{4F6684FD-DA88-3A08-97E7-E44A365AFAE7}.RelWithDebInfo|Win32.Build.0 = RelWithDebInfo|Win32
		{A0567E00-2BFD-36BC-9211-189FA301B384}.Debug|Win32.ActiveCfg = Debug|Win32
		{A0567E00-2BFD-36BC-9211-189FA301B384}.Debug|Win32.Build.0 = Debug|Win32
		{A0567E00-2BFD-36BC-9211-189FA301B384}.Release|Win32.ActiveCfg = Release|Win32
		{A0567E00-2BFD-36BC-9211-189FA301B384}.Release|Win32.Build.0 = Release|Win32
		{A0567E00-2BFD-36BC-9211-189FA301B384}.MinSizeRel|Win32.ActiveCfg = MinSizeRel|Win32
		{A0567E00-2BFD-36BC-9211-189FA301B384}.MinSizeRel|Win32.Build.0 = MinSizeRel|Win32
		{A0567E00-2BFD-36BC-9211-189FA301B384}.RelWithDebInfo|Win32.ActiveCfg = RelWithDebInfo|Win32
		{A0567E00-2BFD-36BC-9211-189FA301B384}.RelWithDebInfo|Win32.Build.0 = RelWithDebInfo|Win32
		{EFA70809-F895-363E-9C97-B9291C6B8FB2}.Debug|Win32.ActiveCfg = Debug|Win32
		{EFA70809-F895-363E-9C97-B9291C6B8FB2}.Debug|Win32.Build.0 = Debug|Win32
		{EFA70809-F895-363E-9C97-B9291C6B8FB2}.Release|Win32.ActiveCfg = Release|Win32
		{EFA70809-F895-363E-9C97-B9291C6B8FB2}.Release|Win32.Build.0 = Release|Win32
		{EFA70809-F895-363E-9C97-B9291C6B8FB2}.MinSizeRel|Win32.ActiveCfg = MinSizeRel|Win32
		{EFA70809-F895-363E-9C97-B9291C6B8FB2}.MinSizeRel|Win32.Build.0 = MinSizeRel|Win32
		{EFA70809-F895-363E-9C97-B9291C6B8FB2}.RelWithDebInfo|Win32.ActiveCfg = RelWithDebInfo|Win32
		{EFA70809-F895-363E-9C97-B9291C6B8FB2}.RelWithDebInfo|Win32.Build.0 = RelWithDebInfo|Win32
		{3E4D2EBC-1D7A-30BE-8834-39600119B817}.Debug|Win32.ActiveCfg = Debug|Win32
		{3E4D2EBC-1D7A-30BE-8834-39600119B817}.Debug|Win32.Build.0 = Debug|Win32
		{3E4D2EBC-1D7A-30BE-8834-39600119B817}.Release|Win32.ActiveCfg = Release|Win32
		{3E4D2EBC-1D7A-30BE-8834-39600119B817}.Release|Win32.Build.0 = Release|Win32
		{3E4D2EBC-1D7A-30BE-8834-39600119B817}.MinSizeRel|Win32.ActiveCfg = MinSizeRel|Win32
		{3E4D2EBC-1D7A-30BE-8834-39600119B817}.MinSizeRel|Win32.Build.0 = MinSizeRel|Win32
		{3E4D2EBC-1D7A-30BE-8834-39600119B817}.RelWithDebInfo|Win32.ActiveCfg = RelWithDebInfo|Win32
		{3E4D2EBC-1D7A-30BE-8834-39600119B817}.RelWithDebInfo|Win32.Build.0 = RelWithDebInfo|Win32
		{A464C74E-1262-3FDA-9C0B-A7E13E4D1055}.Debug|Win32.ActiveCfg = Debug|Win32
		{A464C74E-1262-3FDA-9C0B-A7E13E4D1055}.Debug|Win32.Build.0 = Debug|Win32
		{A464C74E-1262-3FDA-9C0B-A7E13E4D1055}.Release|Win32.ActiveCfg = Release|Win32
		{A464C74E-1262-3FDA-9C0B-A7E13E4D1055}.Release|Win32.Build.0 = Release|Win32
		{A464C74E-1262-3FDA-9C0B-A7E13E4D1055}.MinSizeRel|Win32.ActiveCfg = MinSizeRel|Win32
		{A464C74E-1262-3FDA-9C0B-A7E13E4D1055}.MinSizeRel|Win32.Build.0 = MinSizeRel|Win32
		{A464C74E-1262-3FDA-9C0B-A7E13E4D1055}.RelWithDebInfo|Win32.ActiveCfg = RelWithDebInfo|Win32
		{A464C74E-1262-3FDA-9C0B-A7E13E4D1055}.RelWithDebInfo|Win32.Build.0 = RelWithDebInfo|Win32
		{26FE5D5C-02CE-3DB9-BD4C-268A7EE479AD}.Debug|Win32.ActiveCfg = Debug|Win32
		{26FE5D5C-02CE-3DB9-BD4C-268A7EE479AD}.Debug|Win32.Build.0 = Debug|Win32
		{26FE5D5C-02CE-3DB9-BD4C-268A7EE479AD}.Release|Win32.ActiveCfg = Release|Win32
		{26FE5D5C-02CE-3DB9-BD4C-268A7EE479AD}.Release|Win32.Build.0 = Release|Win32
		{26FE5D5C-02CE-3DB9-BD4C-268A7EE479AD}.MinSizeRel|Win32.ActiveCfg = MinSizeRel|Win32
		{26FE5D5C-02CE-3DB9-BD4C-268A7EE479AD}.MinSizeRel|Win32.Build.0 = MinSizeRel|Win32
		{26FE5D5C-02CE-3DB9-BD4C-268A7EE479AD}.RelWithDebInfo|Win32.ActiveCfg = RelWithDebInfo|Win32
		{26FE5D5C-02CE-3DB9-BD4C-268A7EE479AD}.RelWithDebInfo|Win32.Build.0 = RelWithDebInfo|Win32
		{A2A87357-540D-339C-AA32-EB0696C51577}.Debug|Win32.ActiveCfg = Debug|Win32
		{A2A87357-540D-339C-AA32-EB0696C51577}.Debug|Win32.Build.0 = Debug|Win32
		{A2A87357-540D-339C-AA32-EB0696C51577}.Release|Win32.ActiveCfg = Release|Win32
		{A2A87357-540D-339C-AA32-EB0696C51577}.Release|Win32.Build.0 = Release|Win32
		{A2A87357-540D-339C-AA32-EB0696C51577}.MinSizeRel|Win32.ActiveCfg = MinSizeRel|Win32
		{A2A87357-540D-339C-AA32-EB0696C51577}.MinSizeRel|Win32.Build.0 = MinSizeRel|Win32
		{A2A87357-540D-339C-AA32-EB0696C51577}.RelWithDebInfo|Win32.ActiveCfg = RelWithDebInfo|Win32
		{A2A87357-540D-339C-AA32-EB0696C51577}.RelWithDebInfo|Win32.Build.0 = RelWithDebInfo|Win32
		{3C59110A-3C5B-325A-A4E7-0FD4E21A095E}.Debug|Win32.ActiveCfg = Debug|Win32
		{3C59110A-3C5B-325A-A4E7-0FD4E21A095E}.Debug|Win32.Build.0 = Debug|Win32
		{3C59110A-3C5B-325A-A4E7-0FD4E21A095E}.Release|Win32.ActiveCfg = Release|Win32
		{3C59110A-3C5B-325A-A4E7-0FD4E21A095E}.Release|Win32.Build.0 = Release|Win32
		{3C59110A-3C5B-325A-A4E7-0FD4E21A095E}.MinSizeRel|Win32.ActiveCfg = MinSizeRel|Win32
		{3C59110A-3C5B-325A-A4E7-0FD4E21A095E}.MinSizeRel|Win32.Build.0 = MinSizeRel|Win32
		{3C59110A-3C5B-325A-A4E7-0FD4E21A095E}.RelWithDebInfo|Win32.ActiveCfg = RelWithDebInfo|Win32
		{3C59110A-3C5B-325A-A4E7-0FD4E21A095E}.RelWithDebInfo|Win32.Build.0 = RelWithDebInfo|Win32
		{42EECD0E-75CF-3294-A36B-575567BAD6F5}.Debug|Win32.ActiveCfg = Debug|Win32
		{42EECD0E-75CF-3294-A36B-575567BAD6F5}.Debug|Win32.Build.0 = Debug|Win32
		{42EECD0E-75CF-3294-A36B-575567BAD6F5}.Release|Win32.ActiveCfg = Release|Win32
		{42EECD0E-75CF-3294-A36B-575567BAD6F5}.Release|Win32.Build.0 = Release|Win32
		{42EECD0E-75CF-3294-A36B-575567BAD6F5}.MinSizeRel|Win32.ActiveCfg = MinSizeRel|Win32
		{42EECD0E-75CF-3294-A36B-575567BAD6F5}.MinSizeRel|Win32.Build.0 = MinSizeRel|Win32
		{42EECD0E-75CF-3294-A36B-575567BAD6F5}.RelWithDebInfo|Win32.ActiveCfg = RelWithDebInfo|Win32
		{42EECD0E-75CF-3294-A36B-575567BAD6F5}.RelWithDebInfo|Win32.Build.0 = RelWithDebInfo|Win32
		{A883389E-01EB-39F1-BB7B-B3EE3B3DDEEB}.Debug|Win32.ActiveCfg = Debug|Win32
		{A883389E-01EB-39F1-BB7B-B3EE3B3DDEEB}.Debug|Win32.Build.0 = Debug|Win32
		{A883389E-01EB-39F1-BB7B-B3EE3B3DDEEB}.Release|Win32.ActiveCfg = Release|Win32
		{A883389E-01EB-39F1-BB7B-B3EE3B3DDEEB}.Release|Win32.Build.0 = Release|Win32
		{A883389E-01EB-39F1-BB7B-B3EE3B3DDEEB}.MinSizeRel|Win32.ActiveCfg = MinSizeRel|Win32
		{A883389E-01EB-39F1-BB7B-B3EE3B3DDEEB}.MinSizeRel|Win32.Build.0 = MinSizeRel|Win32
		{A883389E-01EB-39F1-BB7B-B3EE3B3DDEEB}.RelWithDebInfo|Win32.ActiveCfg = RelWithDebInfo|Win32
		{A883389E-01EB-39F1-BB7B-B3EE3B3DDEEB}.RelWithDebInfo|Win32.Build.0 = RelWithDebInfo|Win32
		{972A3A29-776C-3AC0-ACC1-683EAC16AAFF}.Debug|Win32.ActiveCfg = Debug|Win32
		{972A3A29-776C-3AC0-ACC1-683EAC16AAFF}.Debug|Win32.Build.0 = Debug|Win32
		{972A3A29-776C-3AC0-ACC1-683EAC16AAFF}.Release|Win32.ActiveCfg = Release|Win32
		{972A3A29-776C-3AC0-ACC1-683EAC16AAFF}.Release|Win32.Build.0 = Release|Win32
		{972A3A29-776C-3AC0-ACC1-683EAC16AAFF}.MinSizeRel|Win32.ActiveCfg = MinSizeRel|Win32
		{972A3A29-776C-3AC0-ACC1-683EAC16AAFF}.MinSizeRel|Win32.Build.0 = MinSizeRel|Win32
		{972A3A29-776C-3AC0-ACC1-683EAC16AAFF}.RelWithDebInfo|Win32.ActiveCfg = RelWithDebInfo|Win32
		{972A3A29-776C-3AC0-ACC1-683EAC16AAFF}.RelWithDebInfo|Win32.Build.0 = RelWithDebInfo|Win32
		{41380BEB-B26C-3D1E-A366-1CC233F4820A}.Debug|Win32.ActiveCfg = Debug|Win32
		{41380BEB-B26C-3D1E-A366-1CC233F4820A}.Debug|Win32.Build.0 = Debug|Win32
		{41380BEB-B26C-3D1E-A366-1CC233F4820A}.Release|Win32.ActiveCfg = Release|Win32
		{41380BEB-B26C-3D1E-A366-1CC233F4820A}.Release|Win32.Build.0 = Release|Win32
		{41380BEB-B26C-3D1E-A366-1CC233F4820A}.MinSizeRel|Win32.ActiveCfg = MinSizeRel|Win32
		{41380BEB-B26C-3D1E-A366-1CC233F4820A}.MinSizeRel|Win32.Build.0 = MinSizeRel|Win32
		{41380BEB-B26C-3D1E-A366-1CC233F4820A}.RelWithDebInfo|Win32.ActiveCfg = RelWithDebInfo|Win32
		{41380BEB-B26C-3D1E-A366-1CC233F4820A}.RelWithDebInfo|Win32.Build.0 = RelWithDebInfo|Win32
		{0A61FA50-1F5D-3CDF-BDB5-E0BAF006E9B9}.Debug|Win32.ActiveCfg = Debug|Win32
		{0A61FA50-1F5D-3CDF-BDB5-E0BAF006E9B9}.Debug|Win32.Build.0 = Debug|Win32
		{0A61FA50-1F5D-3CDF-BDB5-E0BAF006E9B9}.Release|Win32.ActiveCfg = Release|Win32
		{0A61FA50-1F5D-3CDF-BDB5-E0BAF006E9B9}.Release|Win32.Build.0 = Release|Win32
		{0A61FA50-1F5D-3CDF-BDB5-E0BAF006E9B9}.MinSizeRel|Win32.ActiveCfg = MinSizeRel|Win32
		{0A61FA50-1F5D-3CDF-BDB5-E0BAF006E9B9}.MinSizeRel|Win32.Build.0 = MinSizeRel|Win32
		{0A61FA50-1F5D-3CDF-BDB5-E0BAF006E9B9}.RelWithDebInfo|Win32.ActiveCfg = RelWithDebInfo|Win32
		{0A61FA50-1F5D-3CDF-BDB5-E0BAF006E9B9}.RelWithDebInfo|Win32.Build.0 = RelWithDebInfo|Win32
		{A715C30C-4783-3095-ABAC-4A73A6FBBEFC}.Debug|Win32.ActiveCfg = Debug|Win32
		{A715C30C-4783-3095-ABAC-4A73A6FBBEFC}.Debug|Win32.Build.0 = Debug|Win32
		{A715C30C-4783-3095-ABAC-4A73A6FBBEFC}.Release|Win32.ActiveCfg = Release|Win32
		{A715C30C-4783-3095-ABAC-4A73A6FBBEFC}.Release|Win32.Build.0 = Release|Win32
		{A715C30C-4783-3095-ABAC-4A73A6FBBEFC}.MinSizeRel|Win32.ActiveCfg = MinSizeRel|Win32
		{A715C30C-4783-3095-ABAC-4A73A6FBBEFC}.MinSizeRel|Win32.Build.0 = MinSizeRel|Win32
		{A715C30C-4783-3095-ABAC-4A73A6FBBEFC}.RelWithDebInfo|Win32.ActiveCfg = RelWithDebInfo|Win32
		{A715C30C-4783-3095-ABAC-4A73A6FBBEFC}.RelWithDebInfo|Win32.Build.0 = RelWithDebInfo|Win32
		{B44DD784-0F28-3331-99E2-91FB764C446C}.Debug|Win32.ActiveCfg = Debug|Win32
		{B44DD784-0F28-3331-99E2-91FB764C446C}.Debug|Win32.Build.0 = Debug|Win32
		{B44DD784-0F28-3331-99E2-91FB764C446C}.Release|Win32.ActiveCfg = Release|Win32
		{B44DD784-0F28-3331-99E2-91FB764C446C}.Release|Win32.Build.0 = Release|Win32
		{B44DD784-0F28-3331-99E2-91FB764C446C}.MinSizeRel|Win32.ActiveCfg = MinSizeRel|Win32
		{B44DD784-0F28-3331-99E2-91FB764C446C}.MinSizeRel|Win32.Build.0 = MinSizeRel|Win32
		{B44DD784-0F28-3331-99E2-91FB764C446C}.RelWithDebInfo|Win32.ActiveCfg = RelWithDebInfo|Win32
		{B44DD784-0F28-3331-99E2-91FB764C446C}.RelWithDebInfo|Win32.Build.0 = RelWithDebInfo|Win32
		{B48BA518-5E66-31BF-BE7E-93B956D576FC}.Debug|Win32.ActiveCfg = Debug|Win32
		{B48BA518-5E66-31BF-BE7E-93B956D576FC}.Release|Win32.ActiveCfg = Release|Win32
		{B48BA518-5E66-31BF-BE7E-93B956D576FC}.MinSizeRel|Win32.ActiveCfg = MinSizeRel|Win32
		{B48BA518-5E66-31BF-BE7E-93B956D576FC}.RelWithDebInfo|Win32.ActiveCfg = RelWithDebInfo|Win32
		{1BED378D-E7C2-36F8-B715-E2A540CC1FAB}.Debug|Win32.ActiveCfg = Debug|Win32
		{1BED378D-E7C2-36F8-B715-E2A540CC1FAB}.Debug|Win32.Build.0 = Debug|Win32
		{1BED378D-E7C2-36F8-B715-E2A540CC1FAB}.Release|Win32.ActiveCfg = Release|Win32
		{1BED378D-E7C2-36F8-B715-E2A540CC1FAB}.Release|Win32.Build.0 = Release|Win32
		{1BED378D-E7C2-36F8-B715-E2A540CC1FAB}.MinSizeRel|Win32.ActiveCfg = MinSizeRel|Win32
		{1BED378D-E7C2-36F8-B715-E2A540CC1FAB}.MinSizeRel|Win32.Build.0 = MinSizeRel|Win32
		{1BED378D-E7C2-36F8-B715-E2A540CC1FAB}.RelWithDebInfo|Win32.ActiveCfg = RelWithDebInfo|Win32
		{1BED378D-E7C2-36F8-B715-E2A540CC1FAB}.RelWithDebInfo|Win32.Build.0 = RelWithDebInfo|Win32
		{37881F52-E94A-3287-8F5B-CBA6ECFE395D}.Debug|Win32.ActiveCfg = Debug|Win32
		{37881F52-E94A-3287-8F5B-CBA6ECFE395D}.Debug|Win32.Build.0 = Debug|Win32
		{37881F52-E94A-3287-8F5B-CBA6ECFE395D}.Release|Win32.ActiveCfg = Release|Win32
		{37881F52-E94A-3287-8F5B-CBA6ECFE395D}.Release|Win32.Build.0 = Release|Win32
		{37881F52-E94A-3287-8F5B-CBA6ECFE395D}.MinSizeRel|Win32.ActiveCfg = MinSizeRel|Win32
		{37881F52-E94A-3287-8F5B-CBA6ECFE395D}.MinSizeRel|Win32.Build.0 = MinSizeRel|Win32
		{37881F52-E94A-3287-8F5B-CBA6ECFE395D}.RelWithDebInfo|Win32.ActiveCfg = RelWithDebInfo|Win32
		{37881F52-E94A-3287-8F5B-CBA6ECFE395D}.RelWithDebInfo|Win32.Build.0 = RelWithDebInfo|Win32
		{7EFA85AE-E062-3854-A591-1D02037B4915}.Debug|Win32.ActiveCfg = Debug|Win32
		{7EFA85AE-E062-3854-A591-1D02037B4915}.Release|Win32.ActiveCfg = Release|Win32
		{7EFA85AE-E062-3854-A591-1D02037B4915}.MinSizeRel|Win32.ActiveCfg = MinSizeRel|Win32
		{7EFA85AE-E062-3854-A591-1D02037B4915}.RelWithDebInfo|Win32.ActiveCfg = RelWithDebInfo|Win32
		{56B56198-CE7C-3774-A686-A02A01C1207F}.Debug|Win32.ActiveCfg = Debug|Win32
		{56B56198-CE7C-3774-A686-A02A01C1207F}.Debug|Win32.Build.0 = Debug|Win32
		{56B56198-CE7C-3774-A686-A02A01C1207F}.Release|Win32.ActiveCfg = Release|Win32
		{56B56198-CE7C-3774-A686-A02A01C1207F}.Release|Win32.Build.0 = Release|Win32
		{56B56198-CE7C-3774-A686-A02A01C1207F}.MinSizeRel|Win32.ActiveCfg = MinSizeRel|Win32
		{56B56198-CE7C-3774-A686-A02A01C1207F}.MinSizeRel|Win32.Build.0 = MinSizeRel|Win32
		{56B56198-CE7C-3774-A686-A02A01C1207F}.RelWithDebInfo|Win32.ActiveCfg = RelWithDebInfo|Win32
		{56B56198-CE7C-3774-A686-A02A01C1207F}.RelWithDebInfo|Win32.Build.0 = RelWithDebInfo|Win32
		{4085CD97-855F-3249-8F3D-3C287BBFE4E4}.Debug|Win32.ActiveCfg = Debug|Win32
		{4085CD97-855F-3249-8F3D-3C287BBFE4E4}.Debug|Win32.Build.0 = Debug|Win32
		{4085CD97-855F-3249-8F3D-3C287BBFE4E4}.Release|Win32.ActiveCfg = Release|Win32
		{4085CD97-855F-3249-8F3D-3C287BBFE4E4}.Release|Win32.Build.0 = Release|Win32
		{4085CD97-855F-3249-8F3D-3C287BBFE4E4}.MinSizeRel|Win32.ActiveCfg = MinSizeRel|Win32
		{4085CD97-855F-3249-8F3D-3C287BBFE4E4}.MinSizeRel|Win32.Build.0 = MinSizeRel|Win32
		{4085CD97-855F-3249-8F3D-3C287BBFE4E4}.RelWithDebInfo|Win32.ActiveCfg = RelWithDebInfo|Win32
		{4085CD97-855F-3249-8F3D-3C287BBFE4E4}.RelWithDebInfo|Win32.Build.0 = RelWithDebInfo|Win32
		{18E26232-AAB3-3A88-95A8-520B9EC27F8F}.Debug|Win32.ActiveCfg = Debug|Win32
		{18E26232-AAB3-3A88-95A8-520B9EC27F8F}.Debug|Win32.Build.0 = Debug|Win32
		{18E26232-AAB3-3A88-95A8-520B9EC27F8F}.Release|Win32.ActiveCfg = Release|Win32
		{18E26232-AAB3-3A88-95A8-520B9EC27F8F}.Release|Win32.Build.0 = Release|Win32
		{18E26232-AAB3-3A88-95A8-520B9EC27F8F}.MinSizeRel|Win32.ActiveCfg = MinSizeRel|Win32
		{18E26232-AAB3-3A88-95A8-520B9EC27F8F}.MinSizeRel|Win32.Build.0 = MinSizeRel|Win32
		{18E26232-AAB3-3A88-95A8-520B9EC27F8F}.RelWithDebInfo|Win32.ActiveCfg = RelWithDebInfo|Win32
		{18E26232-AAB3-3A88-95A8-520B9EC27F8F}.RelWithDebInfo|Win32.Build.0 = RelWithDebInfo|Win32
		{08354606-53F6-339B-B256-4C4C168AE90C}.Debug|Win32.ActiveCfg = Debug|Win32
		{08354606-53F6-339B-B256-4C4C168AE90C}.Debug|Win32.Build.0 = Debug|Win32
		{08354606-53F6-339B-B256-4C4C168AE90C}.Release|Win32.ActiveCfg = Release|Win32
		{08354606-53F6-339B-B256-4C4C168AE90C}.Release|Win32.Build.0 = Release|Win32
		{08354606-53F6-339B-B256-4C4C168AE90C}.MinSizeRel|Win32.ActiveCfg = MinSizeRel|Win32
		{08354606-53F6-339B-B256-4C4C168AE90C}.MinSizeRel|Win32.Build.0 = MinSizeRel|Win32
		{08354606-53F6-339B-B256-4C4C168AE90C}.RelWithDebInfo|Win32.ActiveCfg = RelWithDebInfo|Win32
		{08354606-53F6-339B-B256-4C4C168AE90C}.RelWithDebInfo|Win32.Build.0 = RelWithDebInfo|Win32
		{7CA17A50-F0FA-3A8E-B54D-63700105FAC3}.Debug|Win32.ActiveCfg = Debug|Win32
		{7CA17A50-F0FA-3A8E-B54D-63700105FAC3}.Debug|Win32.Build.0 = Debug|Win32
		{7CA17A50-F0FA-3A8E-B54D-63700105FAC3}.Release|Win32.ActiveCfg = Release|Win32
		{7CA17A50-F0FA-3A8E-B54D-63700105FAC3}.Release|Win32.Build.0 = Release|Win32
		{7CA17A50-F0FA-3A8E-B54D-63700105FAC3}.MinSizeRel|Win32.ActiveCfg = MinSizeRel|Win32
		{7CA17A50-F0FA-3A8E-B54D-63700105FAC3}.MinSizeRel|Win32.Build.0 = MinSizeRel|Win32
		{7CA17A50-F0FA-3A8E-B54D-63700105FAC3}.RelWithDebInfo|Win32.ActiveCfg = RelWithDebInfo|Win32
		{7CA17A50-F0FA-3A8E-B54D-63700105FAC3}.RelWithDebInfo|Win32.Build.0 = RelWithDebInfo|Win32
		{F5745A87-9921-3369-944C-E6E2C4BE5276}.Debug|Win32.ActiveCfg = Debug|Win32
		{F5745A87-9921-3369-944C-E6E2C4BE5276}.Debug|Win32.Build.0 = Debug|Win32
		{F5745A87-9921-3369-944C-E6E2C4BE5276}.Release|Win32.ActiveCfg = Release|Win32
		{F5745A87-9921-3369-944C-E6E2C4BE5276}.Release|Win32.Build.0 = Release|Win32
		{F5745A87-9921-3369-944C-E6E2C4BE5276}.MinSizeRel|Win32.ActiveCfg = MinSizeRel|Win32
		{F5745A87-9921-3369-944C-E6E2C4BE5276}.MinSizeRel|Win32.Build.0 = MinSizeRel|Win32
		{F5745A87-9921-3369-944C-E6E2C4BE5276}.RelWithDebInfo|Win32.ActiveCfg = RelWithDebInfo|Win32
		{F5745A87-9921-3369-944C-E6E2C4BE5276}.RelWithDebInfo|Win32.Build.0 = RelWithDebInfo|Win32
	EndGlobalSection
	GlobalSection(ExtensibilityGlobals) = postSolution
	EndGlobalSection
	GlobalSection(ExtensibilityAddIns) = postSolution
	EndGlobalSection
EndGlobal
