<?xml version="1.0" encoding="UTF-8"?>
<Project ToolsVersion="14.0" xmlns="http://schemas.microsoft.com/developer/msbuild/2003">
  <ItemGroup>
    <ClCompile Include="D:\z-Autres\Programmation\Sinah\SINAH\Librairies\Bullet\examples\ThirdPartyLibs\Glew\glew.c">
      <Filter>Source Files</Filter>
    </ClCompile>
    <ClCompile Include="D:\z-Autres\Programmation\Sinah\SINAH\Librairies\Bullet\examples\OpenGLWindow\Win32OpenGLWindow.cpp">
      <Filter>Source Files</Filter>
    </ClCompile>
    <ClCompile Include="D:\z-Autres\Programmation\Sinah\SINAH\Librairies\Bullet\examples\OpenGLWindow\Win32Window.cpp">
      <Filter>Source Files</Filter>
    </ClCompile>
    <ClCompile Include="D:\z-Autres\Programmation\Sinah\SINAH\Librairies\Bullet\examples\OpenGLWindow\fontstash.cpp">
      <Filter>Source Files</Filter>
    </ClCompile>
    <ClCompile Include="D:\z-Autres\Programmation\Sinah\SINAH\Librairies\Bullet\examples\OpenGLWindow\GLInstancingRenderer.cpp">
      <Filter>Source Files</Filter>
    </ClCompile>
    <ClCompile Include="D:\z-Autres\Programmation\Sinah\SINAH\Librairies\Bullet\examples\OpenGLWindow\GLPrimitiveRenderer.cpp">
      <Filter>Source Files</Filter>
    </ClCompile>
    <ClCompile Include="D:\z-Autres\Programmation\Sinah\SINAH\Librairies\Bullet\examples\OpenGLWindow\GLRenderToTexture.cpp">
      <Filter>Source Files</Filter>
    </ClCompile>
    <ClCompile Include="D:\z-Autres\Programmation\Sinah\SINAH\Librairies\Bullet\examples\OpenGLWindow\LoadShader.cpp">
      <Filter>Source Files</Filter>
    </ClCompile>
    <ClCompile Include="D:\z-Autres\Programmation\Sinah\SINAH\Librairies\Bullet\examples\OpenGLWindow\opengl_fontstashcallbacks.cpp">
      <Filter>Source Files</Filter>
    </ClCompile>
    <ClCompile Include="D:\z-Autres\Programmation\Sinah\SINAH\Librairies\Bullet\examples\OpenGLWindow\OpenSans.cpp">
      <Filter>Source Files</Filter>
    </ClCompile>
    <ClCompile Include="D:\z-Autres\Programmation\Sinah\SINAH\Librairies\Bullet\examples\OpenGLWindow\SimpleCamera.cpp">
      <Filter>Source Files</Filter>
    </ClCompile>
    <ClCompile Include="D:\z-Autres\Programmation\Sinah\SINAH\Librairies\Bullet\examples\OpenGLWindow\SimpleOpenGL2App.cpp">
      <Filter>Source Files</Filter>
    </ClCompile>
    <ClCompile Include="D:\z-Autres\Programmation\Sinah\SINAH\Librairies\Bullet\examples\OpenGLWindow\SimpleOpenGL2Renderer.cpp">
      <Filter>Source Files</Filter>
    </ClCompile>
    <ClCompile Include="D:\z-Autres\Programmation\Sinah\SINAH\Librairies\Bullet\examples\OpenGLWindow\SimpleOpenGL3App.cpp">
      <Filter>Source Files</Filter>
    </ClCompile>
    <ClCompile Include="D:\z-Autres\Programmation\Sinah\SINAH\Librairies\Bullet\examples\OpenGLWindow\TwFonts.cpp">
      <Filter>Source Files</Filter>
    </ClCompile>
  </ItemGroup>
  <ItemGroup>
    <ClInclude Include="D:\z-Autres\Programmation\Sinah\SINAH\Librairies\Bullet\examples\OpenGLWindow\fontstash.h">
      <Filter>Header Files</Filter>
    </ClInclude>
    <ClInclude Include="D:\z-Autres\Programmation\Sinah\SINAH\Librairies\Bullet\examples\OpenGLWindow\GLInstanceGraphicsShape.h">
      <Filter>Header Files</Filter>
    </ClInclude>
    <ClInclude Include="D:\z-Autres\Programmation\Sinah\SINAH\Librairies\Bullet\examples\OpenGLWindow\GLInstanceRendererInternalData.h">
      <Filter>Header Files</Filter>
    </ClInclude>
    <ClInclude Include="D:\z-Autres\Programmation\Sinah\SINAH\Librairies\Bullet\examples\OpenGLWindow\GLInstancingRenderer.h">
      <Filter>Header Files</Filter>
    </ClInclude>
    <ClInclude Include="D:\z-Autres\Programmation\Sinah\SINAH\Librairies\Bullet\examples\OpenGLWindow\GLPrimInternalData.h">
      <Filter>Header Files</Filter>
    </ClInclude>
    <ClInclude Include="D:\z-Autres\Programmation\Sinah\SINAH\Librairies\Bullet\examples\OpenGLWindow\GLPrimitiveRenderer.h">
      <Filter>Header Files</Filter>
    </ClInclude>
    <ClInclude Include="D:\z-Autres\Programmation\Sinah\SINAH\Librairies\Bullet\examples\OpenGLWindow\GLRenderToTexture.h">
      <Filter>Header Files</Filter>
    </ClInclude>
    <ClInclude Include="D:\z-Autres\Programmation\Sinah\SINAH\Librairies\Bullet\examples\OpenGLWindow\GwenOpenGL3CoreRenderer.h">
      <Filter>Header Files</Filter>
    </ClInclude>
    <ClInclude Include="D:\z-Autres\Programmation\Sinah\SINAH\Librairies\Bullet\examples\OpenGLWindow\LoadShader.h">
      <Filter>Header Files</Filter>
    </ClInclude>
    <ClInclude Include="D:\z-Autres\Programmation\Sinah\SINAH\Librairies\Bullet\examples\OpenGLWindow\MacOpenGLWindow.h">
      <Filter>Header Files</Filter>
    </ClInclude>
    <ClInclude Include="D:\z-Autres\Programmation\Sinah\SINAH\Librairies\Bullet\examples\OpenGLWindow\OpenGL2Include.h">
      <Filter>Header Files</Filter>
    </ClInclude>
    <ClInclude Include="D:\z-Autres\Programmation\Sinah\SINAH\Librairies\Bullet\examples\OpenGLWindow\OpenGLInclude.h">
      <Filter>Header Files</Filter>
    </ClInclude>
    <ClInclude Include="D:\z-Autres\Programmation\Sinah\SINAH\Librairies\Bullet\examples\OpenGLWindow\opengl_fontstashcallbacks.h">
      <Filter>Header Files</Filter>
    </ClInclude>
    <ClInclude Include="D:\z-Autres\Programmation\Sinah\SINAH\Librairies\Bullet\examples\OpenGLWindow\ShapeData.h">
      <Filter>Header Files</Filter>
    </ClInclude>
    <ClInclude Include="D:\z-Autres\Programmation\Sinah\SINAH\Librairies\Bullet\examples\OpenGLWindow\SimpleCamera.h">
      <Filter>Header Files</Filter>
    </ClInclude>
    <ClInclude Include="D:\z-Autres\Programmation\Sinah\SINAH\Librairies\Bullet\examples\OpenGLWindow\SimpleOpenGL2App.h">
      <Filter>Header Files</Filter>
    </ClInclude>
    <ClInclude Include="D:\z-Autres\Programmation\Sinah\SINAH\Librairies\Bullet\examples\OpenGLWindow\SimpleOpenGL2Renderer.h">
      <Filter>Header Files</Filter>
    </ClInclude>
    <ClInclude Include="D:\z-Autres\Programmation\Sinah\SINAH\Librairies\Bullet\examples\OpenGLWindow\SimpleOpenGL3App.h">
      <Filter>Header Files</Filter>
    </ClInclude>
    <ClInclude Include="D:\z-Autres\Programmation\Sinah\SINAH\Librairies\Bullet\examples\OpenGLWindow\stb_image_write.h">
      <Filter>Header Files</Filter>
    </ClInclude>
    <ClInclude Include="D:\z-Autres\Programmation\Sinah\SINAH\Librairies\Bullet\examples\OpenGLWindow\stb_truetype.h">
      <Filter>Header Files</Filter>
    </ClInclude>
    <ClInclude Include="D:\z-Autres\Programmation\Sinah\SINAH\Librairies\Bullet\examples\OpenGLWindow\TwFonts.h">
      <Filter>Header Files</Filter>
    </ClInclude>
    <ClInclude Include="D:\z-Autres\Programmation\Sinah\SINAH\Librairies\Bullet\examples\OpenGLWindow\Win32InternalWindowData.h">
      <Filter>Header Files</Filter>
    </ClInclude>
    <ClInclude Include="D:\z-Autres\Programmation\Sinah\SINAH\Librairies\Bullet\examples\OpenGLWindow\Win32OpenGLWindow.h">
      <Filter>Header Files</Filter>
    </ClInclude>
    <ClInclude Include="D:\z-Autres\Programmation\Sinah\SINAH\Librairies\Bullet\examples\OpenGLWindow\Win32Window.h">
      <Filter>Header Files</Filter>
    </ClInclude>
    <ClInclude Include="D:\z-Autres\Programmation\Sinah\SINAH\Librairies\Bullet\examples\OpenGLWindow\X11OpenGLWindow.h">
      <Filter>Header Files</Filter>
    </ClInclude>
  </ItemGroup>
  <ItemGroup>
    <CustomBuild Include="D:\z-Autres\Programmation\Sinah\SINAH\Librairies\Bullet\examples\OpenGLWindow\CMakeLists.txt" />
  </ItemGroup>
  <ItemGroup>
    <Filter Include="Source Files">
      <UniqueIdentifier>{32D01338-4379-3DE6-8CDB-4B0A7B0323E8}</UniqueIdentifier>
    </Filter>
    <Filter Include="Header Files">
      <UniqueIdentifier>{BC3A3C3B-87DF-3E34-88EB-296E5FD8DD62}</UniqueIdentifier>
    </Filter>
  </ItemGroup>
</Project>
