<?xml version="1.0" encoding="UTF-8"?>
<Project ToolsVersion="14.0" xmlns="http://schemas.microsoft.com/developer/msbuild/2003">
  <ItemGroup>
    <ClCompile Include="D:\z-Autres\Programmation\Sinah\SINAH\Librairies\Bullet\src\Bullet3Common\b3AlignedAllocator.cpp">
      <Filter>Source Files</Filter>
    </ClCompile>
    <ClCompile Include="D:\z-Autres\Programmation\Sinah\SINAH\Librairies\Bullet\src\Bullet3Common\b3Vector3.cpp">
      <Filter>Source Files</Filter>
    </ClCompile>
    <ClCompile Include="D:\z-Autres\Programmation\Sinah\SINAH\Librairies\Bullet\src\Bullet3Common\b3Logging.cpp">
      <Filter>Source Files</Filter>
    </ClCompile>
  </ItemGroup>
  <ItemGroup>
    <ClInclude Include="D:\z-Autres\Programmation\Sinah\SINAH\Librairies\Bullet\src\Bullet3Common\b3AlignedAllocator.h">
      <Filter>Header Files</Filter>
    </ClInclude>
    <ClInclude Include="D:\z-Autres\Programmation\Sinah\SINAH\Librairies\Bullet\src\Bullet3Common\b3AlignedObjectArray.h">
      <Filter>Header Files</Filter>
    </ClInclude>
    <ClInclude Include="D:\z-Autres\Programmation\Sinah\SINAH\Librairies\Bullet\src\Bullet3Common\b3CommandLineArgs.h">
      <Filter>Header Files</Filter>
    </ClInclude>
    <ClInclude Include="D:\z-Autres\Programmation\Sinah\SINAH\Librairies\Bullet\src\Bullet3Common\b3HashMap.h">
      <Filter>Header Files</Filter>
    </ClInclude>
    <ClInclude Include="D:\z-Autres\Programmation\Sinah\SINAH\Librairies\Bullet\src\Bullet3Common\b3Logging.h">
      <Filter>Header Files</Filter>
    </ClInclude>
    <ClInclude Include="D:\z-Autres\Programmation\Sinah\SINAH\Librairies\Bullet\src\Bullet3Common\b3Matrix3x3.h">
      <Filter>Header Files</Filter>
    </ClInclude>
    <ClInclude Include="D:\z-Autres\Programmation\Sinah\SINAH\Librairies\Bullet\src\Bullet3Common\b3MinMax.h">
      <Filter>Header Files</Filter>
    </ClInclude>
    <ClInclude Include="D:\z-Autres\Programmation\Sinah\SINAH\Librairies\Bullet\src\Bullet3Common\b3PoolAllocator.h">
      <Filter>Header Files</Filter>
    </ClInclude>
    <ClInclude Include="D:\z-Autres\Programmation\Sinah\SINAH\Librairies\Bullet\src\Bullet3Common\b3QuadWord.h">
      <Filter>Header Files</Filter>
    </ClInclude>
    <ClInclude Include="D:\z-Autres\Programmation\Sinah\SINAH\Librairies\Bullet\src\Bullet3Common\b3Quaternion.h">
      <Filter>Header Files</Filter>
    </ClInclude>
    <ClInclude Include="D:\z-Autres\Programmation\Sinah\SINAH\Librairies\Bullet\src\Bullet3Common\b3Random.h">
      <Filter>Header Files</Filter>
    </ClInclude>
    <ClInclude Include="D:\z-Autres\Programmation\Sinah\SINAH\Librairies\Bullet\src\Bullet3Common\b3Scalar.h">
      <Filter>Header Files</Filter>
    </ClInclude>
    <ClInclude Include="D:\z-Autres\Programmation\Sinah\SINAH\Librairies\Bullet\src\Bullet3Common\b3StackAlloc.h">
      <Filter>Header Files</Filter>
    </ClInclude>
    <ClInclude Include="D:\z-Autres\Programmation\Sinah\SINAH\Librairies\Bullet\src\Bullet3Common\b3Transform.h">
      <Filter>Header Files</Filter>
    </ClInclude>
    <ClInclude Include="D:\z-Autres\Programmation\Sinah\SINAH\Librairies\Bullet\src\Bullet3Common\b3TransformUtil.h">
      <Filter>Header Files</Filter>
    </ClInclude>
    <ClInclude Include="D:\z-Autres\Programmation\Sinah\SINAH\Librairies\Bullet\src\Bullet3Common\b3Vector3.h">
      <Filter>Header Files</Filter>
    </ClInclude>
    <ClInclude Include="D:\z-Autres\Programmation\Sinah\SINAH\Librairies\Bullet\src\Bullet3Common\shared\b3Float4.h">
      <Filter>Header Files</Filter>
    </ClInclude>
    <ClInclude Include="D:\z-Autres\Programmation\Sinah\SINAH\Librairies\Bullet\src\Bullet3Common\shared\b3Int2.h">
      <Filter>Header Files</Filter>
    </ClInclude>
    <ClInclude Include="D:\z-Autres\Programmation\Sinah\SINAH\Librairies\Bullet\src\Bullet3Common\shared\b3Int4.h">
      <Filter>Header Files</Filter>
    </ClInclude>
    <ClInclude Include="D:\z-Autres\Programmation\Sinah\SINAH\Librairies\Bullet\src\Bullet3Common\shared\b3Mat3x3.h">
      <Filter>Header Files</Filter>
    </ClInclude>
    <ClInclude Include="D:\z-Autres\Programmation\Sinah\SINAH\Librairies\Bullet\src\Bullet3Common\shared\b3PlatformDefinitions.h">
      <Filter>Header Files</Filter>
    </ClInclude>
    <ClInclude Include="D:\z-Autres\Programmation\Sinah\SINAH\Librairies\Bullet\src\Bullet3Common\shared\b3Quat.h">
      <Filter>Header Files</Filter>
    </ClInclude>
  </ItemGroup>
  <ItemGroup>
    <CustomBuild Include="D:\z-Autres\Programmation\Sinah\SINAH\Librairies\Bullet\src\Bullet3Common\CMakeLists.txt" />
  </ItemGroup>
  <ItemGroup>
    <Filter Include="Source Files">
      <UniqueIdentifier>{32D01338-4379-3DE6-8CDB-4B0A7B0323E8}</UniqueIdentifier>
    </Filter>
    <Filter Include="Header Files">
      <UniqueIdentifier>{BC3A3C3B-87DF-3E34-88EB-296E5FD8DD62}</UniqueIdentifier>
    </Filter>
  </ItemGroup>
</Project>
